
Microsoft Visual Studio Solution File, Format Version 12.00
# Visual Studio Version 17
VisualStudioVersion = 17.6.33829.357
MinimumVisualStudioVersion = 10.0.40219.1
Project("{9A19103F-16F7-4668-BE54-9A1E7A4F7556}") = "YourHealthToday", "YourHealthToday.csproj", "{05335306-01DF-4C7D-9B04-52B056150696}"
EndProject
Global
	GlobalSection(SolutionConfigurationPlatforms) = preSolution
		Debug|Any CPU = Debug|Any CPU
		Release|Any CPU = Release|Any CPU
	EndGlobalSection
	GlobalSection(ProjectConfigurationPlatforms) = postSolution
		{05335306-01DF-4C7D-9B04-52B056150696}.Debug|Any CPU.ActiveCfg = Debug|Any CPU
		{05335306-01DF-4C7D-9B04-52B056150696}.Debug|Any CPU.Build.0 = Debug|Any CPU
		{05335306-01DF-4C7D-9B04-52B056150696}.Release|Any CPU.ActiveCfg = Release|Any CPU
		{05335306-01DF-4C7D-9B04-52B056150696}.Release|Any CPU.Build.0 = Release|Any CPU
	EndGlobalSection
	GlobalSection(SolutionProperties) = preSolution
		HideSolutionNode = FALSE
	EndGlobalSection
	GlobalSection(ExtensibilityGlobals) = postSolution
		SolutionGuid = {7B4C704F-255A-43B3-B82F-99C654E53300}
	EndGlobalSection
EndGlobal
